
Microsoft Visual Studio Solution File, Format Version 12.00
# Visual Studio 15
VisualStudioVersion = 15.0.28307.960
MinimumVisualStudioVersion = 10.0.40219.1
Project("{FAE04EC0-301F-11D3-BF4B-00C04F79EFBC}") = "东莞愉悦羽毛球场管理系统", "东莞愉悦羽毛球场管理系统\东莞愉悦羽毛球场管理系统.csproj", "{557FEFD3-F1EF-485C-881A-1E6E66EECA8C}"
EndProject
Global
	GlobalSection(SolutionConfigurationPlatforms) = preSolution
		Debug|Any CPU = Debug|Any CPU
		Release|Any CPU = Release|Any CPU
	EndGlobalSection
	GlobalSection(ProjectConfigurationPlatforms) = postSolution
		{557FEFD3-F1EF-485C-881A-1E6E66EECA8C}.Debug|Any CPU.ActiveCfg = Debug|Any CPU
		{557FEFD3-F1EF-485C-881A-1E6E66EECA8C}.Debug|Any CPU.Build.0 = Debug|Any CPU
		{557FEFD3-F1EF-485C-881A-1E6E66EECA8C}.Release|Any CPU.ActiveCfg = Release|Any CPU
		{557FEFD3-F1EF-485C-881A-1E6E66EECA8C}.Release|Any CPU.Build.0 = Release|Any CPU
	EndGlobalSection
	GlobalSection(SolutionProperties) = preSolution
		HideSolutionNode = FALSE
	EndGlobalSection
	GlobalSection(ExtensibilityGlobals) = postSolution
		SolutionGuid = {611CD16F-C7DB-4A67-BF0E-07DE4E53C593}
	EndGlobalSection
EndGlobal
